
Microsoft Visual Studio Solution File, Format Version 12.00
# Visual Studio Version 17
VisualStudioVersion = 17.4.33213.308
MinimumVisualStudioVersion = 10.0.40219.1
Project("{FAE04EC0-301F-11D3-BF4B-00C04F79EFBC}") = "ComputerGraphics.PictureAnalysis.App", "ComputerGraphics.PictureAnalysis.App\ComputerGraphics.PictureAnalysis.App.csproj", "{471382EE-49D1-4FB9-A952-DBDA302B73FF}"
EndProject
Project("{FAE04EC0-301F-11D3-BF4B-00C04F79EFBC}") = "ComputerGraphics.PictureAnalysis.Gui", "ComputerGraphics.PictureAnalysis.Gui\ComputerGraphics.PictureAnalysis.Gui.csproj", "{0C814F37-79ED-44E7-8DCB-A3509FFD2AA8}"
EndProject
Global
	GlobalSection(SolutionConfigurationPlatforms) = preSolution
		Debug|Any CPU = Debug|Any CPU
		Release|Any CPU = Release|Any CPU
	EndGlobalSection
	GlobalSection(ProjectConfigurationPlatforms) = postSolution
		{471382EE-49D1-4FB9-A952-DBDA302B73FF}.Debug|Any CPU.ActiveCfg = Debug|Any CPU
		{471382EE-49D1-4FB9-A952-DBDA302B73FF}.Debug|Any CPU.Build.0 = Debug|Any CPU
		{471382EE-49D1-4FB9-A952-DBDA302B73FF}.Release|Any CPU.ActiveCfg = Release|Any CPU
		{471382EE-49D1-4FB9-A952-DBDA302B73FF}.Release|Any CPU.Build.0 = Release|Any CPU
		{0C814F37-79ED-44E7-8DCB-A3509FFD2AA8}.Debug|Any CPU.ActiveCfg = Debug|Any CPU
		{0C814F37-79ED-44E7-8DCB-A3509FFD2AA8}.Debug|Any CPU.Build.0 = Debug|Any CPU
		{0C814F37-79ED-44E7-8DCB-A3509FFD2AA8}.Release|Any CPU.ActiveCfg = Release|Any CPU
		{0C814F37-79ED-44E7-8DCB-A3509FFD2AA8}.Release|Any CPU.Build.0 = Release|Any CPU
	EndGlobalSection
	GlobalSection(SolutionProperties) = preSolution
		HideSolutionNode = FALSE
	EndGlobalSection
	GlobalSection(ExtensibilityGlobals) = postSolution
		SolutionGuid = {8A4ADEA6-4602-4454-9F76-3A965211891E}
	EndGlobalSection
EndGlobal
